
Microsoft Visual Studio Solution File, Format Version 12.00
# Visual Studio 15
VisualStudioVersion = 15.0.28307.1169
MinimumVisualStudioVersion = 10.0.40219.1
Project("{888888A0-9F3D-457C-B088-3A5042F75D52}") = "visualize_dataset_demo", "visualize_dataset_demo\visualize_dataset_demo.pyproj", "{10CDC3F9-D3F3-472E-B7A8-4801AD1F7122}"
EndProject
Global
	GlobalSection(SolutionConfigurationPlatforms) = preSolution
		Debug|Any CPU = Debug|Any CPU
		Release|Any CPU = Release|Any CPU
	EndGlobalSection
	GlobalSection(ProjectConfigurationPlatforms) = postSolution
		{10CDC3F9-D3F3-472E-B7A8-4801AD1F7122}.Debug|Any CPU.ActiveCfg = Debug|Any CPU
		{10CDC3F9-D3F3-472E-B7A8-4801AD1F7122}.Release|Any CPU.ActiveCfg = Release|Any CPU
	EndGlobalSection
	GlobalSection(SolutionProperties) = preSolution
		HideSolutionNode = FALSE
	EndGlobalSection
	GlobalSection(ExtensibilityGlobals) = postSolution
		SolutionGuid = {416CCBCA-7A05-4E56-8104-8CD9561FB49E}
	EndGlobalSection
EndGlobal
